
Microsoft Visual Studio Solution File, Format Version 12.00
# Visual Studio Version 17
VisualStudioVersion = 17.2.32526.322
MinimumVisualStudioVersion = 10.0.40219.1
Project("{9A19103F-16F7-4668-BE54-9A1E7A4F7556}") = "AgeCalculator", "AgeCalculator.csproj", "{9CE8083F-365C-4A17-AE4F-84AFD4D12011}"
EndProject
Project("{2150E333-8FDC-42A3-9474-1A3956D46DE8}") = "Solution Items", "Solution Items", "{01C6DB39-B4F1-4C79-ADE0-856D27895116}"
	ProjectSection(SolutionItems) = preProject
		.editorconfig = .editorconfig
	EndProjectSection
EndProject
Global
	GlobalSection(SolutionConfigurationPlatforms) = preSolution
		Debug|Any CPU = Debug|Any CPU
		Release|Any CPU = Release|Any CPU
	EndGlobalSection
	GlobalSection(ProjectConfigurationPlatforms) = postSolution
		{9CE8083F-365C-4A17-AE4F-84AFD4D12011}.Debug|Any CPU.ActiveCfg = Debug|Any CPU
		{9CE8083F-365C-4A17-AE4F-84AFD4D12011}.Debug|Any CPU.Build.0 = Debug|Any CPU
		{9CE8083F-365C-4A17-AE4F-84AFD4D12011}.Release|Any CPU.ActiveCfg = Release|Any CPU
		{9CE8083F-365C-4A17-AE4F-84AFD4D12011}.Release|Any CPU.Build.0 = Release|Any CPU
	EndGlobalSection
	GlobalSection(SolutionProperties) = preSolution
		HideSolutionNode = FALSE
	EndGlobalSection
	GlobalSection(ExtensibilityGlobals) = postSolution
		SolutionGuid = {B68F9E7B-F7D9-4FA8-A4EF-BE2E280BC215}
	EndGlobalSection
EndGlobal
